
Microsoft Visual Studio Solution File, Format Version 12.00
# Visual Studio 2012
Project("{F184B08F-C81C-45F6-A57F-5ABD9991F28F}") = "Network", "Network\Network.vbproj", "{D50E1619-1638-46CF-83F6-CA3444FC4F34}"
EndProject
Project("{F184B08F-C81C-45F6-A57F-5ABD9991F28F}") = "Protocols", "Protocols\Protocols.vbproj", "{CD783C44-14F7-4EC8-A937-C1F5E06DFFF3}"
EndProject
Project("{F184B08F-C81C-45F6-A57F-5ABD9991F28F}") = "Security", "Security\Security.vbproj", "{0FFB4B39-95CB-42BA-A251-6A034E294FF4}"
EndProject
Project("{F184B08F-C81C-45F6-A57F-5ABD9991F28F}") = "Compression", "Compression\Compression.vbproj", "{EFCC7DB2-8CC8-44A8-90EE-E168AA6FF9FE}"
EndProject
Project("{F184B08F-C81C-45F6-A57F-5ABD9991F28F}") = "System", "System\System.vbproj", "{23657B2F-B1D5-4E1A-8D0C-55F8D0B6ED05}"
EndProject
Project("{F184B08F-C81C-45F6-A57F-5ABD9991F28F}") = "Plugins", "Plugins\Plugins.vbproj", "{19B188B7-7142-4A6D-A606-924755513EE3}"
EndProject
Project("{F184B08F-C81C-45F6-A57F-5ABD9991F28F}") = "Controls", "Controls\Controls.vbproj", "{6A3F78D8-AAAD-477E-82D0-F9BB0404FEB6}"
EndProject
Global
	GlobalSection(SolutionConfigurationPlatforms) = preSolution
		Debug|Any CPU = Debug|Any CPU
		Debug|x64 = Debug|x64
		Debug|x86 = Debug|x86
		Release|Any CPU = Release|Any CPU
		Release|x64 = Release|x64
		Release|x86 = Release|x86
	EndGlobalSection
	GlobalSection(ProjectConfigurationPlatforms) = postSolution
		{D50E1619-1638-46CF-83F6-CA3444FC4F34}.Debug|Any CPU.ActiveCfg = Debug|Any CPU
		{D50E1619-1638-46CF-83F6-CA3444FC4F34}.Debug|Any CPU.Build.0 = Debug|Any CPU
		{D50E1619-1638-46CF-83F6-CA3444FC4F34}.Debug|x64.ActiveCfg = Debug|x64
		{D50E1619-1638-46CF-83F6-CA3444FC4F34}.Debug|x64.Build.0 = Debug|x64
		{D50E1619-1638-46CF-83F6-CA3444FC4F34}.Debug|x86.ActiveCfg = Debug|x86
		{D50E1619-1638-46CF-83F6-CA3444FC4F34}.Debug|x86.Build.0 = Debug|x86
		{D50E1619-1638-46CF-83F6-CA3444FC4F34}.Release|Any CPU.ActiveCfg = Release|Any CPU
		{D50E1619-1638-46CF-83F6-CA3444FC4F34}.Release|Any CPU.Build.0 = Release|Any CPU
		{D50E1619-1638-46CF-83F6-CA3444FC4F34}.Release|x64.ActiveCfg = Release|x64
		{D50E1619-1638-46CF-83F6-CA3444FC4F34}.Release|x64.Build.0 = Release|x64
		{D50E1619-1638-46CF-83F6-CA3444FC4F34}.Release|x86.ActiveCfg = Release|x86
		{D50E1619-1638-46CF-83F6-CA3444FC4F34}.Release|x86.Build.0 = Release|x86
		{CD783C44-14F7-4EC8-A937-C1F5E06DFFF3}.Debug|Any CPU.ActiveCfg = Debug|Any CPU
		{CD783C44-14F7-4EC8-A937-C1F5E06DFFF3}.Debug|Any CPU.Build.0 = Debug|Any CPU
		{CD783C44-14F7-4EC8-A937-C1F5E06DFFF3}.Debug|x64.ActiveCfg = Debug|x64
		{CD783C44-14F7-4EC8-A937-C1F5E06DFFF3}.Debug|x64.Build.0 = Debug|x64
		{CD783C44-14F7-4EC8-A937-C1F5E06DFFF3}.Debug|x86.ActiveCfg = Debug|x86
		{CD783C44-14F7-4EC8-A937-C1F5E06DFFF3}.Debug|x86.Build.0 = Debug|x86
		{CD783C44-14F7-4EC8-A937-C1F5E06DFFF3}.Release|Any CPU.ActiveCfg = Release|Any CPU
		{CD783C44-14F7-4EC8-A937-C1F5E06DFFF3}.Release|Any CPU.Build.0 = Release|Any CPU
		{CD783C44-14F7-4EC8-A937-C1F5E06DFFF3}.Release|x64.ActiveCfg = Release|x64
		{CD783C44-14F7-4EC8-A937-C1F5E06DFFF3}.Release|x64.Build.0 = Release|x64
		{CD783C44-14F7-4EC8-A937-C1F5E06DFFF3}.Release|x86.ActiveCfg = Release|x86
		{CD783C44-14F7-4EC8-A937-C1F5E06DFFF3}.Release|x86.Build.0 = Release|x86
		{0FFB4B39-95CB-42BA-A251-6A034E294FF4}.Debug|Any CPU.ActiveCfg = Debug|Any CPU
		{0FFB4B39-95CB-42BA-A251-6A034E294FF4}.Debug|Any CPU.Build.0 = Debug|Any CPU
		{0FFB4B39-95CB-42BA-A251-6A034E294FF4}.Debug|x64.ActiveCfg = Debug|x64
		{0FFB4B39-95CB-42BA-A251-6A034E294FF4}.Debug|x64.Build.0 = Debug|x64
		{0FFB4B39-95CB-42BA-A251-6A034E294FF4}.Debug|x86.ActiveCfg = Debug|x86
		{0FFB4B39-95CB-42BA-A251-6A034E294FF4}.Debug|x86.Build.0 = Debug|x86
		{0FFB4B39-95CB-42BA-A251-6A034E294FF4}.Release|Any CPU.ActiveCfg = Release|Any CPU
		{0FFB4B39-95CB-42BA-A251-6A034E294FF4}.Release|Any CPU.Build.0 = Release|Any CPU
		{0FFB4B39-95CB-42BA-A251-6A034E294FF4}.Release|x64.ActiveCfg = Release|x64
		{0FFB4B39-95CB-42BA-A251-6A034E294FF4}.Release|x64.Build.0 = Release|x64
		{0FFB4B39-95CB-42BA-A251-6A034E294FF4}.Release|x86.ActiveCfg = Release|x86
		{0FFB4B39-95CB-42BA-A251-6A034E294FF4}.Release|x86.Build.0 = Release|x86
		{EFCC7DB2-8CC8-44A8-90EE-E168AA6FF9FE}.Debug|Any CPU.ActiveCfg = Debug|Any CPU
		{EFCC7DB2-8CC8-44A8-90EE-E168AA6FF9FE}.Debug|Any CPU.Build.0 = Debug|Any CPU
		{EFCC7DB2-8CC8-44A8-90EE-E168AA6FF9FE}.Debug|x64.ActiveCfg = Debug|x64
		{EFCC7DB2-8CC8-44A8-90EE-E168AA6FF9FE}.Debug|x64.Build.0 = Debug|x64
		{EFCC7DB2-8CC8-44A8-90EE-E168AA6FF9FE}.Debug|x86.ActiveCfg = Debug|x86
		{EFCC7DB2-8CC8-44A8-90EE-E168AA6FF9FE}.Debug|x86.Build.0 = Debug|x86
		{EFCC7DB2-8CC8-44A8-90EE-E168AA6FF9FE}.Release|Any CPU.ActiveCfg = Release|Any CPU
		{EFCC7DB2-8CC8-44A8-90EE-E168AA6FF9FE}.Release|Any CPU.Build.0 = Release|Any CPU
		{EFCC7DB2-8CC8-44A8-90EE-E168AA6FF9FE}.Release|x64.ActiveCfg = Release|x64
		{EFCC7DB2-8CC8-44A8-90EE-E168AA6FF9FE}.Release|x64.Build.0 = Release|x64
		{EFCC7DB2-8CC8-44A8-90EE-E168AA6FF9FE}.Release|x86.ActiveCfg = Release|x86
		{EFCC7DB2-8CC8-44A8-90EE-E168AA6FF9FE}.Release|x86.Build.0 = Release|x86
		{23657B2F-B1D5-4E1A-8D0C-55F8D0B6ED05}.Debug|Any CPU.ActiveCfg = Debug|Any CPU
		{23657B2F-B1D5-4E1A-8D0C-55F8D0B6ED05}.Debug|Any CPU.Build.0 = Debug|Any CPU
		{23657B2F-B1D5-4E1A-8D0C-55F8D0B6ED05}.Debug|x64.ActiveCfg = Debug|x64
		{23657B2F-B1D5-4E1A-8D0C-55F8D0B6ED05}.Debug|x64.Build.0 = Debug|x64
		{23657B2F-B1D5-4E1A-8D0C-55F8D0B6ED05}.Debug|x86.ActiveCfg = Debug|x86
		{23657B2F-B1D5-4E1A-8D0C-55F8D0B6ED05}.Debug|x86.Build.0 = Debug|x86
		{23657B2F-B1D5-4E1A-8D0C-55F8D0B6ED05}.Release|Any CPU.ActiveCfg = Release|Any CPU
		{23657B2F-B1D5-4E1A-8D0C-55F8D0B6ED05}.Release|Any CPU.Build.0 = Release|Any CPU
		{23657B2F-B1D5-4E1A-8D0C-55F8D0B6ED05}.Release|x64.ActiveCfg = Release|x64
		{23657B2F-B1D5-4E1A-8D0C-55F8D0B6ED05}.Release|x64.Build.0 = Release|x64
		{23657B2F-B1D5-4E1A-8D0C-55F8D0B6ED05}.Release|x86.ActiveCfg = Release|x86
		{23657B2F-B1D5-4E1A-8D0C-55F8D0B6ED05}.Release|x86.Build.0 = Release|x86
		{19B188B7-7142-4A6D-A606-924755513EE3}.Debug|Any CPU.ActiveCfg = Debug|Any CPU
		{19B188B7-7142-4A6D-A606-924755513EE3}.Debug|Any CPU.Build.0 = Debug|Any CPU
		{19B188B7-7142-4A6D-A606-924755513EE3}.Debug|x64.ActiveCfg = Debug|x64
		{19B188B7-7142-4A6D-A606-924755513EE3}.Debug|x64.Build.0 = Debug|x64
		{19B188B7-7142-4A6D-A606-924755513EE3}.Debug|x86.ActiveCfg = Debug|x86
		{19B188B7-7142-4A6D-A606-924755513EE3}.Debug|x86.Build.0 = Debug|x86
		{19B188B7-7142-4A6D-A606-924755513EE3}.Release|Any CPU.ActiveCfg = Release|Any CPU
		{19B188B7-7142-4A6D-A606-924755513EE3}.Release|Any CPU.Build.0 = Release|Any CPU
		{19B188B7-7142-4A6D-A606-924755513EE3}.Release|x64.ActiveCfg = Release|x64
		{19B188B7-7142-4A6D-A606-924755513EE3}.Release|x64.Build.0 = Release|x64
		{19B188B7-7142-4A6D-A606-924755513EE3}.Release|x86.ActiveCfg = Release|x86
		{19B188B7-7142-4A6D-A606-924755513EE3}.Release|x86.Build.0 = Release|x86
		{6A3F78D8-AAAD-477E-82D0-F9BB0404FEB6}.Debug|Any CPU.ActiveCfg = Debug|Any CPU
		{6A3F78D8-AAAD-477E-82D0-F9BB0404FEB6}.Debug|Any CPU.Build.0 = Debug|Any CPU
		{6A3F78D8-AAAD-477E-82D0-F9BB0404FEB6}.Debug|x64.ActiveCfg = Debug|x64
		{6A3F78D8-AAAD-477E-82D0-F9BB0404FEB6}.Debug|x64.Build.0 = Debug|x64
		{6A3F78D8-AAAD-477E-82D0-F9BB0404FEB6}.Debug|x86.ActiveCfg = Debug|x86
		{6A3F78D8-AAAD-477E-82D0-F9BB0404FEB6}.Debug|x86.Build.0 = Debug|x86
		{6A3F78D8-AAAD-477E-82D0-F9BB0404FEB6}.Release|Any CPU.ActiveCfg = Release|Any CPU
		{6A3F78D8-AAAD-477E-82D0-F9BB0404FEB6}.Release|Any CPU.Build.0 = Release|Any CPU
		{6A3F78D8-AAAD-477E-82D0-F9BB0404FEB6}.Release|x64.ActiveCfg = Release|x64
		{6A3F78D8-AAAD-477E-82D0-F9BB0404FEB6}.Release|x64.Build.0 = Release|x64
		{6A3F78D8-AAAD-477E-82D0-F9BB0404FEB6}.Release|x86.ActiveCfg = Release|x86
		{6A3F78D8-AAAD-477E-82D0-F9BB0404FEB6}.Release|x86.Build.0 = Release|x86
	EndGlobalSection
	GlobalSection(SolutionProperties) = preSolution
		HideSolutionNode = FALSE
	EndGlobalSection
EndGlobal
